// !$*UTF8*$!
{
	archiveVersion = 1;
	classes = {
	};
	objectVersion = 46;
	objects = {

/* Begin PBXBuildFile section */
		EBCC88781E4BDAF6008D3CA0 /* TestSharedPtr101.cpp in Sources */ = {isa = PBXBuildFile; fileRef = EBCC88771E4BDAF6008D3CA0 /* TestSharedPtr101.cpp */; };
		EBCC887B1E4BDBBF008D3CA0 /* Point.cpp in Sources */ = {isa = PBXBuildFile; fileRef = EBCC88791E4BDBBF008D3CA0 /* Point.cpp */; };
/* End PBXBuildFile section */

/* Begin PBXCopyFilesBuildPhase section */
		EBC6D9781E4AB74E00DFFAB6 /* CopyFiles */ = {
			isa = PBXCopyFilesBuildPhase;
			buildActionMask = 2147483647;
			dstPath = /usr/share/man/man1/;
			dstSubfolderSpec = 0;
			files = (
			);
			runOnlyForDeploymentPostprocessing = 1;
		};
/* End PBXCopyFilesBuildPhase section */

/* Begin PBXFileReference section */
		EBC6D97A1E4AB74E00DFFAB6 /* QN_Boost_V1 */ = {isa = PBXFileReference; explicitFileType = "compiled.mach-o.executable"; includeInIndex = 0; path = QN_Boost_V1; sourceTree = BUILT_PRODUCTS_DIR; };
		EBCC88771E4BDAF6008D3CA0 /* TestSharedPtr101.cpp */ = {isa = PBXFileReference; fileEncoding = 4; lastKnownFileType = sourcecode.cpp.cpp; path = TestSharedPtr101.cpp; sourceTree = "<group>"; };
		EBCC88791E4BDBBF008D3CA0 /* Point.cpp */ = {isa = PBXFileReference; fileEncoding = 4; lastKnownFileType = sourcecode.cpp.cpp; path = Point.cpp; sourceTree = "<group>"; };
		EBCC887A1E4BDBBF008D3CA0 /* Point.hpp */ = {isa = PBXFileReference; fileEncoding = 4; lastKnownFileType = sourcecode.cpp.h; path = Point.hpp; sourceTree = "<group>"; };
/* End PBXFileReference section */

/* Begin PBXFrameworksBuildPhase section */
		EBC6D9771E4AB74E00DFFAB6 /* Frameworks */ = {
			isa = PBXFrameworksBuildPhase;
			buildActionMask = 2147483647;
			files = (
			);
			runOnlyForDeploymentPostprocessing = 0;
		};
/* End PBXFrameworksBuildPhase section */

/* Begin PBXGroup section */
		EBC6D9711E4AB74E00DFFAB6 = {
			isa = PBXGroup;
			children = (
				EBC6D97C1E4AB74E00DFFAB6 /* QN_Boost_V1 */,
				EBC6D97B1E4AB74E00DFFAB6 /* Products */,
			);
			sourceTree = "<group>";
		};
		EBC6D97B1E4AB74E00DFFAB6 /* Products */ = {
			isa = PBXGroup;
			children = (
				EBC6D97A1E4AB74E00DFFAB6 /* QN_Boost_V1 */,
			);
			name = Products;
			sourceTree = "<group>";
		};
		EBC6D97C1E4AB74E00DFFAB6 /* QN_Boost_V1 */ = {
			isa = PBXGroup;
			children = (
				EBCC88771E4BDAF6008D3CA0 /* TestSharedPtr101.cpp */,
				EBCC88791E4BDBBF008D3CA0 /* Point.cpp */,
				EBCC887A1E4BDBBF008D3CA0 /* Point.hpp */,
			);
			path = QN_Boost_V1;
			sourceTree = "<group>";
		};
/* End PBXGroup section */

/* Begin PBXNativeTarget section */
		EBC6D9791E4AB74E00DFFAB6 /* QN_Boost_V1 */ = {
			isa = PBXNativeTarget;
			buildConfigurationList = EBC6D9811E4AB74E00DFFAB6 /* Build configuration list for PBXNativeTarget "QN_Boost_V1" */;
			buildPhases = (
				EBC6D9761E4AB74E00DFFAB6 /* Sources */,
				EBC6D9771E4AB74E00DFFAB6 /* Frameworks */,
				EBC6D9781E4AB74E00DFFAB6 /* CopyFiles */,
			);
			buildRules = (
			);
			dependencies = (
			);
			name = QN_Boost_V1;
			productName = QN_Boost_V1;
			productReference = EBC6D97A1E4AB74E00DFFAB6 /* QN_Boost_V1 */;
			productType = "com.apple.product-type.tool";
		};
/* End PBXNativeTarget section */

/* Begin PBXProject section */
		EBC6D9721E4AB74E00DFFAB6 /* Project object */ = {
			isa = PBXProject;
			attributes = {
				LastUpgradeCheck = 0810;
				ORGANIZATIONNAME = "Changheng Chen";
				TargetAttributes = {
					EBC6D9791E4AB74E00DFFAB6 = {
						CreatedOnToolsVersion = 8.1;
						ProvisioningStyle = Automatic;
					};
				};
			};
			buildConfigurationList = EBC6D9751E4AB74E00DFFAB6 /* Build configuration list for PBXProject "QN_Boost_V1" */;
			compatibilityVersion = "Xcode 3.2";
			developmentRegion = English;
			hasScannedForEncodings = 0;
			knownRegions = (
				en,
			);
			mainGroup = EBC6D9711E4AB74E00DFFAB6;
			productRefGroup = EBC6D97B1E4AB74E00DFFAB6 /* Products */;
			projectDirPath = "";
			projectRoot = "";
			targets = (
				EBC6D9791E4AB74E00DFFAB6 /* QN_Boost_V1 */,
			);
		};
/* End PBXProject section */

/* Begin PBXSourcesBuildPhase section */
		EBC6D9761E4AB74E00DFFAB6 /* Sources */ = {
			isa = PBXSourcesBuildPhase;
			buildActionMask = 2147483647;
			files = (
				EBCC887B1E4BDBBF008D3CA0 /* Point.cpp in Sources */,
				EBCC88781E4BDAF6008D3CA0 /* TestSharedPtr101.cpp in Sources */,
			);
			runOnlyForDeploymentPostprocessing = 0;
		};
/* End PBXSourcesBuildPhase section */

/* Begin XCBuildConfiguration section */
		EBC6D97F1E4AB74E00DFFAB6 /* Debug */ = {
			isa = XCBuildConfiguration;
			buildSettings = {
				ALWAYS_SEARCH_USER_PATHS = NO;
				CLANG_ANALYZER_NONNULL = YES;
				CLANG_CXX_LANGUAGE_STANDARD = "gnu++0x";
				CLANG_CXX_LIBRARY = "libc++";
				CLANG_ENABLE_MODULES = YES;
				CLANG_ENABLE_OBJC_ARC = YES;
				CLANG_WARN_BOOL_CONVERSION = YES;
				CLANG_WARN_CONSTANT_CONVERSION = YES;
				CLANG_WARN_DIRECT_OBJC_ISA_USAGE = YES_ERROR;
				CLANG_WARN_DOCUMENTATION_COMMENTS = YES;
				CLANG_WARN_EMPTY_BODY = YES;
				CLANG_WARN_ENUM_CONVERSION = YES;
				CLANG_WARN_INFINITE_RECURSION = YES;
				CLANG_WARN_INT_CONVERSION = YES;
				CLANG_WARN_OBJC_ROOT_CLASS = YES_ERROR;
				CLANG_WARN_SUSPICIOUS_MOVES = YES;
				CLANG_WARN_UNREACHABLE_CODE = YES;
				CLANG_WARN__DUPLICATE_METHOD_MATCH = YES;
				CODE_SIGN_IDENTITY = "-";
				COPY_PHASE_STRIP = NO;
				DEBUG_INFORMATION_FORMAT = dwarf;
				ENABLE_STRICT_OBJC_MSGSEND = YES;
				ENABLE_TESTABILITY = YES;
				GCC_C_LANGUAGE_STANDARD = gnu99;
				GCC_DYNAMIC_NO_PIC = NO;
				GCC_NO_COMMON_BLOCKS = YES;
				GCC_OPTIMIZATION_LEVEL = 0;
				GCC_PREPROCESSOR_DEFINITIONS = (
					"DEBUG=1",
					"$(inherited)",
				);
				GCC_WARN_64_TO_32_BIT_CONVERSION = YES;
				GCC_WARN_ABOUT_RETURN_TYPE = YES_ERROR;
				GCC_WARN_UNDECLARED_SELECTOR = YES;
				GCC_WARN_UNINITIALIZED_AUTOS = YES_AGGRESSIVE;
				GCC_WARN_UNUSED_FUNCTION = YES;
				GCC_WARN_UNUSED_VARIABLE = YES;
				MACOSX_DEPLOYMENT_TARGET = 10.12;
				MTL_ENABLE_DEBUG_INFO = YES;
				ONLY_ACTIVE_ARCH = YES;
				SDKROOT = macosx;
			};
			name = Debug;
		};
		EBC6D9801E4AB74E00DFFAB6 /* Release */ = {
			isa = XCBuildConfiguration;
			buildSettings = {
				ALWAYS_SEARCH_USER_PATHS = NO;
				CLANG_ANALYZER_NONNULL = YES;
				CLANG_CXX_LANGUAGE_STANDARD = "gnu++0x";
				CLANG_CXX_LIBRARY = "libc++";
				CLANG_ENABLE_MODULES = YES;
				CLANG_ENABLE_OBJC_ARC = YES;
				CLANG_WARN_BOOL_CONVERSION = YES;
				CLANG_WARN_CONSTANT_CONVERSION = YES;
				CLANG_WARN_DIRECT_OBJC_ISA_USAGE = YES_ERROR;
				CLANG_WARN_DOCUMENTATION_COMMENTS = YES;
				CLANG_WARN_EMPTY_BODY = YES;
				CLANG_WARN_ENUM_CONVERSION = YES;
				CLANG_WARN_INFINITE_RECURSION = YES;
				CLANG_WARN_INT_CONVERSION = YES;
				CLANG_WARN_OBJC_ROOT_CLASS = YES_ERROR;
				CLANG_WARN_SUSPICIOUS_MOVES = YES;
				CLANG_WARN_UNREACHABLE_CODE = YES;
				CLANG_WARN__DUPLICATE_METHOD_MATCH = YES;
				CODE_SIGN_IDENTITY = "-";
				COPY_PHASE_STRIP = NO;
				DEBUG_INFORMATION_FORMAT = "dwarf-with-dsym";
				ENABLE_NS_ASSERTIONS = NO;
				ENABLE_STRICT_OBJC_MSGSEND = YES;
				GCC_C_LANGUAGE_STANDARD = gnu99;
				GCC_NO_COMMON_BLOCKS = YES;
				GCC_WARN_64_TO_32_BIT_CONVERSION = YES;
				GCC_WARN_ABOUT_RETURN_TYPE = YES_ERROR;
				GCC_WARN_UNDECLARED_SELECTOR = YES;
				GCC_WARN_UNINITIALIZED_AUTOS = YES_AGGRESSIVE;
				GCC_WARN_UNUSED_FUNCTION = YES;
				GCC_WARN_UNUSED_VARIABLE = YES;
				MACOSX_DEPLOYMENT_TARGET = 10.12;
				MTL_ENABLE_DEBUG_INFO = NO;
				SDKROOT = macosx;
			};
			name = Release;
		};
		EBC6D9821E4AB74E00DFFAB6 /* Debug */ = {
			isa = XCBuildConfiguration;
			buildSettings = {
				"HEADER_SEARCH_PATHS[arch=*]" = /opt/local/include;
				"LIBRARY_SEARCH_PATHS[arch=*]" = /opt/local/lib;
				PRODUCT_NAME = "$(TARGET_NAME)";
			};
			name = Debug;
		};
		EBC6D9831E4AB74E00DFFAB6 /* Release */ = {
			isa = XCBuildConfiguration;
			buildSettings = {
				"HEADER_SEARCH_PATHS[arch=*]" = /opt/local/include;
				"LIBRARY_SEARCH_PATHS[arch=*]" = /opt/local/lib;
				PRODUCT_NAME = "$(TARGET_NAME)";
			};
			name = Release;
		};
/* End XCBuildConfiguration section */

/* Begin XCConfigurationList section */
		EBC6D9751E4AB74E00DFFAB6 /* Build configuration list for PBXProject "QN_Boost_V1" */ = {
			isa = XCConfigurationList;
			buildConfigurations = (
				EBC6D97F1E4AB74E00DFFAB6 /* Debug */,
				EBC6D9801E4AB74E00DFFAB6 /* Release */,
			);
			defaultConfigurationIsVisible = 0;
			defaultConfigurationName = Release;
		};
		EBC6D9811E4AB74E00DFFAB6 /* Build configuration list for PBXNativeTarget "QN_Boost_V1" */ = {
			isa = XCConfigurationList;
			buildConfigurations = (
				EBC6D9821E4AB74E00DFFAB6 /* Debug */,
				EBC6D9831E4AB74E00DFFAB6 /* Release */,
			);
			defaultConfigurationIsVisible = 0;
			defaultConfigurationName = Release;
		};
/* End XCConfigurationList section */
	};
	rootObject = EBC6D9721E4AB74E00DFFAB6 /* Project object */;
}
