// !$*UTF8*$!
{
	archiveVersion = 1;
	classes = {
	};
	objectVersion = 46;
	objects = {

/* Begin PBXBuildFile section */
		EB65E6CE1E6482B700C94593 /* TestMC.cpp in Sources */ = {isa = PBXBuildFile; fileRef = EB65E6CC1E6482B700C94593 /* TestMC.cpp */; };
/* End PBXBuildFile section */

/* Begin PBXCopyFilesBuildPhase section */
		EB65E6BF1E64827900C94593 /* CopyFiles */ = {
			isa = PBXCopyFilesBuildPhase;
			buildActionMask = 2147483647;
			dstPath = /usr/share/man/man1/;
			dstSubfolderSpec = 0;
			files = (
			);
			runOnlyForDeploymentPostprocessing = 1;
		};
/* End PBXCopyFilesBuildPhase section */

/* Begin PBXFileReference section */
		EB29C8A11E7383C1005526F0 /* SDandSE.hpp */ = {isa = PBXFileReference; lastKnownFileType = sourcecode.cpp.h; path = SDandSE.hpp; sourceTree = "<group>"; };
		EB65E6C11E64827A00C94593 /* Group D */ = {isa = PBXFileReference; explicitFileType = "compiled.mach-o.executable"; includeInIndex = 0; path = "Group D"; sourceTree = BUILT_PRODUCTS_DIR; };
		EB65E6CB1E6482B700C94593 /* OptionData.hpp */ = {isa = PBXFileReference; fileEncoding = 4; lastKnownFileType = sourcecode.cpp.h; path = OptionData.hpp; sourceTree = "<group>"; };
		EB65E6CC1E6482B700C94593 /* TestMC.cpp */ = {isa = PBXFileReference; fileEncoding = 4; lastKnownFileType = sourcecode.cpp.cpp; path = TestMC.cpp; sourceTree = "<group>"; };
		EB65E6CD1E6482B700C94593 /* UtilitiesDJD */ = {isa = PBXFileReference; lastKnownFileType = folder; path = UtilitiesDJD; sourceTree = "<group>"; };
/* End PBXFileReference section */

/* Begin PBXFrameworksBuildPhase section */
		EB65E6BE1E64827900C94593 /* Frameworks */ = {
			isa = PBXFrameworksBuildPhase;
			buildActionMask = 2147483647;
			files = (
			);
			runOnlyForDeploymentPostprocessing = 0;
		};
/* End PBXFrameworksBuildPhase section */

/* Begin PBXGroup section */
		EB65E6B81E64827900C94593 = {
			isa = PBXGroup;
			children = (
				EB65E6C31E64827A00C94593 /* Group D */,
				EB65E6C21E64827A00C94593 /* Products */,
			);
			sourceTree = "<group>";
		};
		EB65E6C21E64827A00C94593 /* Products */ = {
			isa = PBXGroup;
			children = (
				EB65E6C11E64827A00C94593 /* Group D */,
			);
			name = Products;
			sourceTree = "<group>";
		};
		EB65E6C31E64827A00C94593 /* Group D */ = {
			isa = PBXGroup;
			children = (
				EB65E6CC1E6482B700C94593 /* TestMC.cpp */,
				EB29C8A11E7383C1005526F0 /* SDandSE.hpp */,
				EB65E6CB1E6482B700C94593 /* OptionData.hpp */,
				EB65E6CD1E6482B700C94593 /* UtilitiesDJD */,
			);
			path = "Group D";
			sourceTree = "<group>";
		};
/* End PBXGroup section */

/* Begin PBXNativeTarget section */
		EB65E6C01E64827900C94593 /* Group D */ = {
			isa = PBXNativeTarget;
			buildConfigurationList = EB65E6C81E64827A00C94593 /* Build configuration list for PBXNativeTarget "Group D" */;
			buildPhases = (
				EB65E6BD1E64827900C94593 /* Sources */,
				EB65E6BE1E64827900C94593 /* Frameworks */,
				EB65E6BF1E64827900C94593 /* CopyFiles */,
			);
			buildRules = (
			);
			dependencies = (
			);
			name = "Group D";
			productName = "Group D";
			productReference = EB65E6C11E64827A00C94593 /* Group D */;
			productType = "com.apple.product-type.tool";
		};
/* End PBXNativeTarget section */

/* Begin PBXProject section */
		EB65E6B91E64827900C94593 /* Project object */ = {
			isa = PBXProject;
			attributes = {
				LastUpgradeCheck = 0810;
				ORGANIZATIONNAME = "Changheng Chen";
				TargetAttributes = {
					EB65E6C01E64827900C94593 = {
						CreatedOnToolsVersion = 8.1;
						ProvisioningStyle = Automatic;
					};
				};
			};
			buildConfigurationList = EB65E6BC1E64827900C94593 /* Build configuration list for PBXProject "Group D" */;
			compatibilityVersion = "Xcode 3.2";
			developmentRegion = English;
			hasScannedForEncodings = 0;
			knownRegions = (
				en,
			);
			mainGroup = EB65E6B81E64827900C94593;
			productRefGroup = EB65E6C21E64827A00C94593 /* Products */;
			projectDirPath = "";
			projectRoot = "";
			targets = (
				EB65E6C01E64827900C94593 /* Group D */,
			);
		};
/* End PBXProject section */

/* Begin PBXSourcesBuildPhase section */
		EB65E6BD1E64827900C94593 /* Sources */ = {
			isa = PBXSourcesBuildPhase;
			buildActionMask = 2147483647;
			files = (
				EB65E6CE1E6482B700C94593 /* TestMC.cpp in Sources */,
			);
			runOnlyForDeploymentPostprocessing = 0;
		};
/* End PBXSourcesBuildPhase section */

/* Begin XCBuildConfiguration section */
		EB65E6C61E64827A00C94593 /* Debug */ = {
			isa = XCBuildConfiguration;
			buildSettings = {
				ALWAYS_SEARCH_USER_PATHS = NO;
				CLANG_ANALYZER_NONNULL = YES;
				CLANG_CXX_LANGUAGE_STANDARD = "gnu++0x";
				CLANG_CXX_LIBRARY = "libc++";
				CLANG_ENABLE_MODULES = YES;
				CLANG_ENABLE_OBJC_ARC = YES;
				CLANG_WARN_BOOL_CONVERSION = YES;
				CLANG_WARN_CONSTANT_CONVERSION = YES;
				CLANG_WARN_DIRECT_OBJC_ISA_USAGE = YES_ERROR;
				CLANG_WARN_DOCUMENTATION_COMMENTS = YES;
				CLANG_WARN_EMPTY_BODY = YES;
				CLANG_WARN_ENUM_CONVERSION = YES;
				CLANG_WARN_INFINITE_RECURSION = YES;
				CLANG_WARN_INT_CONVERSION = YES;
				CLANG_WARN_OBJC_ROOT_CLASS = YES_ERROR;
				CLANG_WARN_SUSPICIOUS_MOVES = YES;
				CLANG_WARN_UNREACHABLE_CODE = YES;
				CLANG_WARN__DUPLICATE_METHOD_MATCH = YES;
				CODE_SIGN_IDENTITY = "-";
				COPY_PHASE_STRIP = NO;
				DEBUG_INFORMATION_FORMAT = dwarf;
				ENABLE_STRICT_OBJC_MSGSEND = YES;
				ENABLE_TESTABILITY = YES;
				GCC_C_LANGUAGE_STANDARD = gnu99;
				GCC_DYNAMIC_NO_PIC = NO;
				GCC_NO_COMMON_BLOCKS = YES;
				GCC_OPTIMIZATION_LEVEL = 0;
				GCC_PREPROCESSOR_DEFINITIONS = (
					"DEBUG=1",
					"$(inherited)",
				);
				GCC_WARN_64_TO_32_BIT_CONVERSION = YES;
				GCC_WARN_ABOUT_RETURN_TYPE = YES_ERROR;
				GCC_WARN_UNDECLARED_SELECTOR = YES;
				GCC_WARN_UNINITIALIZED_AUTOS = YES_AGGRESSIVE;
				GCC_WARN_UNUSED_FUNCTION = YES;
				GCC_WARN_UNUSED_VARIABLE = YES;
				MACOSX_DEPLOYMENT_TARGET = 10.12;
				MTL_ENABLE_DEBUG_INFO = YES;
				ONLY_ACTIVE_ARCH = YES;
				SDKROOT = macosx;
			};
			name = Debug;
		};
		EB65E6C71E64827A00C94593 /* Release */ = {
			isa = XCBuildConfiguration;
			buildSettings = {
				ALWAYS_SEARCH_USER_PATHS = NO;
				CLANG_ANALYZER_NONNULL = YES;
				CLANG_CXX_LANGUAGE_STANDARD = "gnu++0x";
				CLANG_CXX_LIBRARY = "libc++";
				CLANG_ENABLE_MODULES = YES;
				CLANG_ENABLE_OBJC_ARC = YES;
				CLANG_WARN_BOOL_CONVERSION = YES;
				CLANG_WARN_CONSTANT_CONVERSION = YES;
				CLANG_WARN_DIRECT_OBJC_ISA_USAGE = YES_ERROR;
				CLANG_WARN_DOCUMENTATION_COMMENTS = YES;
				CLANG_WARN_EMPTY_BODY = YES;
				CLANG_WARN_ENUM_CONVERSION = YES;
				CLANG_WARN_INFINITE_RECURSION = YES;
				CLANG_WARN_INT_CONVERSION = YES;
				CLANG_WARN_OBJC_ROOT_CLASS = YES_ERROR;
				CLANG_WARN_SUSPICIOUS_MOVES = YES;
				CLANG_WARN_UNREACHABLE_CODE = YES;
				CLANG_WARN__DUPLICATE_METHOD_MATCH = YES;
				CODE_SIGN_IDENTITY = "-";
				COPY_PHASE_STRIP = NO;
				DEBUG_INFORMATION_FORMAT = "dwarf-with-dsym";
				ENABLE_NS_ASSERTIONS = NO;
				ENABLE_STRICT_OBJC_MSGSEND = YES;
				GCC_C_LANGUAGE_STANDARD = gnu99;
				GCC_NO_COMMON_BLOCKS = YES;
				GCC_WARN_64_TO_32_BIT_CONVERSION = YES;
				GCC_WARN_ABOUT_RETURN_TYPE = YES_ERROR;
				GCC_WARN_UNDECLARED_SELECTOR = YES;
				GCC_WARN_UNINITIALIZED_AUTOS = YES_AGGRESSIVE;
				GCC_WARN_UNUSED_FUNCTION = YES;
				GCC_WARN_UNUSED_VARIABLE = YES;
				MACOSX_DEPLOYMENT_TARGET = 10.12;
				MTL_ENABLE_DEBUG_INFO = NO;
				SDKROOT = macosx;
			};
			name = Release;
		};
		EB65E6C91E64827A00C94593 /* Debug */ = {
			isa = XCBuildConfiguration;
			buildSettings = {
				"HEADER_SEARCH_PATHS[arch=*]" = /opt/local/include;
				"LIBRARY_SEARCH_PATHS[arch=*]" = /opt/local/lib;
				PRODUCT_NAME = "$(TARGET_NAME)";
			};
			name = Debug;
		};
		EB65E6CA1E64827A00C94593 /* Release */ = {
			isa = XCBuildConfiguration;
			buildSettings = {
				"HEADER_SEARCH_PATHS[arch=*]" = /opt/local/include;
				"LIBRARY_SEARCH_PATHS[arch=*]" = /opt/local/lib;
				PRODUCT_NAME = "$(TARGET_NAME)";
			};
			name = Release;
		};
/* End XCBuildConfiguration section */

/* Begin XCConfigurationList section */
		EB65E6BC1E64827900C94593 /* Build configuration list for PBXProject "Group D" */ = {
			isa = XCConfigurationList;
			buildConfigurations = (
				EB65E6C61E64827A00C94593 /* Debug */,
				EB65E6C71E64827A00C94593 /* Release */,
			);
			defaultConfigurationIsVisible = 0;
			defaultConfigurationName = Release;
		};
		EB65E6C81E64827A00C94593 /* Build configuration list for PBXNativeTarget "Group D" */ = {
			isa = XCConfigurationList;
			buildConfigurations = (
				EB65E6C91E64827A00C94593 /* Debug */,
				EB65E6CA1E64827A00C94593 /* Release */,
			);
			defaultConfigurationIsVisible = 0;
			defaultConfigurationName = Release;
		};
/* End XCConfigurationList section */
	};
	rootObject = EB65E6B91E64827900C94593 /* Project object */;
}
