// !$*UTF8*$!
{
	archiveVersion = 1;
	classes = {
	};
	objectVersion = 46;
	objects = {

/* Begin PBXBuildFile section */
		EB28C1F51DF213D3008F7CF1 /* Point.cpp in Sources */ = {isa = PBXBuildFile; fileRef = EB28C1F41DF213D3008F7CF1 /* Point.cpp */; };
		EB28C1FE1DF2145D008F7CF1 /* LineSegment.cpp in Sources */ = {isa = PBXBuildFile; fileRef = EB28C1FD1DF2145D008F7CF1 /* LineSegment.cpp */; };
		EB28C2001DF21478008F7CF1 /* TestPoint.cpp in Sources */ = {isa = PBXBuildFile; fileRef = EB28C1FF1DF21478008F7CF1 /* TestPoint.cpp */; };
/* End PBXBuildFile section */

/* Begin PBXCopyFilesBuildPhase section */
		EB28C1EF1DF213D3008F7CF1 /* CopyFiles */ = {
			isa = PBXCopyFilesBuildPhase;
			buildActionMask = 2147483647;
			dstPath = /usr/share/man/man1/;
			dstSubfolderSpec = 0;
			files = (
			);
			runOnlyForDeploymentPostprocessing = 1;
		};
/* End PBXCopyFilesBuildPhase section */

/* Begin PBXFileReference section */
		EB28C1F11DF213D3008F7CF1 /* 2.3 */ = {isa = PBXFileReference; explicitFileType = "compiled.mach-o.executable"; includeInIndex = 0; path = 2.3; sourceTree = BUILT_PRODUCTS_DIR; };
		EB28C1F41DF213D3008F7CF1 /* Point.cpp */ = {isa = PBXFileReference; lastKnownFileType = sourcecode.cpp.cpp; path = Point.cpp; sourceTree = "<group>"; };
		EB28C1FC1DF2143D008F7CF1 /* LineSegment.hpp */ = {isa = PBXFileReference; lastKnownFileType = sourcecode.cpp.h; path = LineSegment.hpp; sourceTree = "<group>"; };
		EB28C1FD1DF2145D008F7CF1 /* LineSegment.cpp */ = {isa = PBXFileReference; fileEncoding = 4; lastKnownFileType = sourcecode.cpp.cpp; path = LineSegment.cpp; sourceTree = "<group>"; };
		EB28C1FF1DF21478008F7CF1 /* TestPoint.cpp */ = {isa = PBXFileReference; fileEncoding = 4; lastKnownFileType = sourcecode.cpp.cpp; path = TestPoint.cpp; sourceTree = "<group>"; };
		EBCC6AFB1DF8C18100D6D738 /* Point.hpp */ = {isa = PBXFileReference; lastKnownFileType = sourcecode.cpp.h; path = Point.hpp; sourceTree = "<group>"; };
/* End PBXFileReference section */

/* Begin PBXFrameworksBuildPhase section */
		EB28C1EE1DF213D3008F7CF1 /* Frameworks */ = {
			isa = PBXFrameworksBuildPhase;
			buildActionMask = 2147483647;
			files = (
			);
			runOnlyForDeploymentPostprocessing = 0;
		};
/* End PBXFrameworksBuildPhase section */

/* Begin PBXGroup section */
		EB28C1E81DF213D3008F7CF1 = {
			isa = PBXGroup;
			children = (
				EB28C1F31DF213D3008F7CF1 /* 2.3 */,
				EB28C1F21DF213D3008F7CF1 /* Products */,
			);
			sourceTree = "<group>";
		};
		EB28C1F21DF213D3008F7CF1 /* Products */ = {
			isa = PBXGroup;
			children = (
				EB28C1F11DF213D3008F7CF1 /* 2.3 */,
			);
			name = Products;
			sourceTree = "<group>";
		};
		EB28C1F31DF213D3008F7CF1 /* 2.3 */ = {
			isa = PBXGroup;
			children = (
				EB28C1F41DF213D3008F7CF1 /* Point.cpp */,
				EB28C1FC1DF2143D008F7CF1 /* LineSegment.hpp */,
				EB28C1FD1DF2145D008F7CF1 /* LineSegment.cpp */,
				EB28C1FF1DF21478008F7CF1 /* TestPoint.cpp */,
				EBCC6AFB1DF8C18100D6D738 /* Point.hpp */,
			);
			path = 2.3;
			sourceTree = "<group>";
		};
/* End PBXGroup section */

/* Begin PBXNativeTarget section */
		EB28C1F01DF213D3008F7CF1 /* 2.3 */ = {
			isa = PBXNativeTarget;
			buildConfigurationList = EB28C1F81DF213D3008F7CF1 /* Build configuration list for PBXNativeTarget "2.3" */;
			buildPhases = (
				EB28C1ED1DF213D3008F7CF1 /* Sources */,
				EB28C1EE1DF213D3008F7CF1 /* Frameworks */,
				EB28C1EF1DF213D3008F7CF1 /* CopyFiles */,
			);
			buildRules = (
			);
			dependencies = (
			);
			name = 2.3;
			productName = 2.3;
			productReference = EB28C1F11DF213D3008F7CF1 /* 2.3 */;
			productType = "com.apple.product-type.tool";
		};
/* End PBXNativeTarget section */

/* Begin PBXProject section */
		EB28C1E91DF213D3008F7CF1 /* Project object */ = {
			isa = PBXProject;
			attributes = {
				LastUpgradeCheck = 0810;
				ORGANIZATIONNAME = "Changheng Chen";
				TargetAttributes = {
					EB28C1F01DF213D3008F7CF1 = {
						CreatedOnToolsVersion = 8.1;
						ProvisioningStyle = Automatic;
					};
				};
			};
			buildConfigurationList = EB28C1EC1DF213D3008F7CF1 /* Build configuration list for PBXProject "2.3" */;
			compatibilityVersion = "Xcode 3.2";
			developmentRegion = English;
			hasScannedForEncodings = 0;
			knownRegions = (
				en,
			);
			mainGroup = EB28C1E81DF213D3008F7CF1;
			productRefGroup = EB28C1F21DF213D3008F7CF1 /* Products */;
			projectDirPath = "";
			projectRoot = "";
			targets = (
				EB28C1F01DF213D3008F7CF1 /* 2.3 */,
			);
		};
/* End PBXProject section */

/* Begin PBXSourcesBuildPhase section */
		EB28C1ED1DF213D3008F7CF1 /* Sources */ = {
			isa = PBXSourcesBuildPhase;
			buildActionMask = 2147483647;
			files = (
				EB28C2001DF21478008F7CF1 /* TestPoint.cpp in Sources */,
				EB28C1F51DF213D3008F7CF1 /* Point.cpp in Sources */,
				EB28C1FE1DF2145D008F7CF1 /* LineSegment.cpp in Sources */,
			);
			runOnlyForDeploymentPostprocessing = 0;
		};
/* End PBXSourcesBuildPhase section */

/* Begin XCBuildConfiguration section */
		EB28C1F61DF213D3008F7CF1 /* Debug */ = {
			isa = XCBuildConfiguration;
			buildSettings = {
				ALWAYS_SEARCH_USER_PATHS = NO;
				CLANG_ANALYZER_NONNULL = YES;
				CLANG_CXX_LANGUAGE_STANDARD = "gnu++0x";
				CLANG_CXX_LIBRARY = "libc++";
				CLANG_ENABLE_MODULES = YES;
				CLANG_ENABLE_OBJC_ARC = YES;
				CLANG_WARN_BOOL_CONVERSION = YES;
				CLANG_WARN_CONSTANT_CONVERSION = YES;
				CLANG_WARN_DIRECT_OBJC_ISA_USAGE = YES_ERROR;
				CLANG_WARN_DOCUMENTATION_COMMENTS = YES;
				CLANG_WARN_EMPTY_BODY = YES;
				CLANG_WARN_ENUM_CONVERSION = YES;
				CLANG_WARN_INFINITE_RECURSION = YES;
				CLANG_WARN_INT_CONVERSION = YES;
				CLANG_WARN_OBJC_ROOT_CLASS = YES_ERROR;
				CLANG_WARN_SUSPICIOUS_MOVES = YES;
				CLANG_WARN_UNREACHABLE_CODE = YES;
				CLANG_WARN__DUPLICATE_METHOD_MATCH = YES;
				CODE_SIGN_IDENTITY = "-";
				COPY_PHASE_STRIP = NO;
				DEBUG_INFORMATION_FORMAT = dwarf;
				ENABLE_STRICT_OBJC_MSGSEND = YES;
				ENABLE_TESTABILITY = YES;
				GCC_C_LANGUAGE_STANDARD = gnu99;
				GCC_DYNAMIC_NO_PIC = NO;
				GCC_NO_COMMON_BLOCKS = YES;
				GCC_OPTIMIZATION_LEVEL = 0;
				GCC_PREPROCESSOR_DEFINITIONS = (
					"DEBUG=1",
					"$(inherited)",
				);
				GCC_WARN_64_TO_32_BIT_CONVERSION = YES;
				GCC_WARN_ABOUT_RETURN_TYPE = YES_ERROR;
				GCC_WARN_UNDECLARED_SELECTOR = YES;
				GCC_WARN_UNINITIALIZED_AUTOS = YES_AGGRESSIVE;
				GCC_WARN_UNUSED_FUNCTION = YES;
				GCC_WARN_UNUSED_VARIABLE = YES;
				MACOSX_DEPLOYMENT_TARGET = 10.12;
				MTL_ENABLE_DEBUG_INFO = YES;
				ONLY_ACTIVE_ARCH = YES;
				SDKROOT = macosx;
			};
			name = Debug;
		};
		EB28C1F71DF213D3008F7CF1 /* Release */ = {
			isa = XCBuildConfiguration;
			buildSettings = {
				ALWAYS_SEARCH_USER_PATHS = NO;
				CLANG_ANALYZER_NONNULL = YES;
				CLANG_CXX_LANGUAGE_STANDARD = "gnu++0x";
				CLANG_CXX_LIBRARY = "libc++";
				CLANG_ENABLE_MODULES = YES;
				CLANG_ENABLE_OBJC_ARC = YES;
				CLANG_WARN_BOOL_CONVERSION = YES;
				CLANG_WARN_CONSTANT_CONVERSION = YES;
				CLANG_WARN_DIRECT_OBJC_ISA_USAGE = YES_ERROR;
				CLANG_WARN_DOCUMENTATION_COMMENTS = YES;
				CLANG_WARN_EMPTY_BODY = YES;
				CLANG_WARN_ENUM_CONVERSION = YES;
				CLANG_WARN_INFINITE_RECURSION = YES;
				CLANG_WARN_INT_CONVERSION = YES;
				CLANG_WARN_OBJC_ROOT_CLASS = YES_ERROR;
				CLANG_WARN_SUSPICIOUS_MOVES = YES;
				CLANG_WARN_UNREACHABLE_CODE = YES;
				CLANG_WARN__DUPLICATE_METHOD_MATCH = YES;
				CODE_SIGN_IDENTITY = "-";
				COPY_PHASE_STRIP = NO;
				DEBUG_INFORMATION_FORMAT = "dwarf-with-dsym";
				ENABLE_NS_ASSERTIONS = NO;
				ENABLE_STRICT_OBJC_MSGSEND = YES;
				GCC_C_LANGUAGE_STANDARD = gnu99;
				GCC_NO_COMMON_BLOCKS = YES;
				GCC_WARN_64_TO_32_BIT_CONVERSION = YES;
				GCC_WARN_ABOUT_RETURN_TYPE = YES_ERROR;
				GCC_WARN_UNDECLARED_SELECTOR = YES;
				GCC_WARN_UNINITIALIZED_AUTOS = YES_AGGRESSIVE;
				GCC_WARN_UNUSED_FUNCTION = YES;
				GCC_WARN_UNUSED_VARIABLE = YES;
				MACOSX_DEPLOYMENT_TARGET = 10.12;
				MTL_ENABLE_DEBUG_INFO = NO;
				SDKROOT = macosx;
			};
			name = Release;
		};
		EB28C1F91DF213D3008F7CF1 /* Debug */ = {
			isa = XCBuildConfiguration;
			buildSettings = {
				PRODUCT_NAME = "$(TARGET_NAME)";
			};
			name = Debug;
		};
		EB28C1FA1DF213D3008F7CF1 /* Release */ = {
			isa = XCBuildConfiguration;
			buildSettings = {
				PRODUCT_NAME = "$(TARGET_NAME)";
			};
			name = Release;
		};
/* End XCBuildConfiguration section */

/* Begin XCConfigurationList section */
		EB28C1EC1DF213D3008F7CF1 /* Build configuration list for PBXProject "2.3" */ = {
			isa = XCConfigurationList;
			buildConfigurations = (
				EB28C1F61DF213D3008F7CF1 /* Debug */,
				EB28C1F71DF213D3008F7CF1 /* Release */,
			);
			defaultConfigurationIsVisible = 0;
			defaultConfigurationName = Release;
		};
		EB28C1F81DF213D3008F7CF1 /* Build configuration list for PBXNativeTarget "2.3" */ = {
			isa = XCConfigurationList;
			buildConfigurations = (
				EB28C1F91DF213D3008F7CF1 /* Debug */,
				EB28C1FA1DF213D3008F7CF1 /* Release */,
			);
			defaultConfigurationIsVisible = 0;
			defaultConfigurationName = Release;
		};
/* End XCConfigurationList section */
	};
	rootObject = EB28C1E91DF213D3008F7CF1 /* Project object */;
}
