// !$*UTF8*$!
{
	archiveVersion = 1;
	classes = {
	};
	objectVersion = 46;
	objects = {

/* Begin PBXBuildFile section */
		EBC3C2591E5B44E700A40799 /* main.cpp in Sources */ = {isa = PBXBuildFile; fileRef = EBC3C2581E5B44E700A40799 /* main.cpp */; };
		EBC3C2611E5B48A100A40799 /* EuropeanOption.cpp in Sources */ = {isa = PBXBuildFile; fileRef = EBC3C25F1E5B48A100A40799 /* EuropeanOption.cpp */; };
		EBC3C2651E5B8A7200A40799 /* OptionPricing.cpp in Sources */ = {isa = PBXBuildFile; fileRef = EBC3C2631E5B8A7200A40799 /* OptionPricing.cpp */; };
/* End PBXBuildFile section */

/* Begin PBXCopyFilesBuildPhase section */
		EBC3C2531E5B44E500A40799 /* CopyFiles */ = {
			isa = PBXCopyFilesBuildPhase;
			buildActionMask = 2147483647;
			dstPath = /usr/share/man/man1/;
			dstSubfolderSpec = 0;
			files = (
			);
			runOnlyForDeploymentPostprocessing = 1;
		};
/* End PBXCopyFilesBuildPhase section */

/* Begin PBXFileReference section */
		EBC3C2551E5B44E700A40799 /* Group A */ = {isa = PBXFileReference; explicitFileType = "compiled.mach-o.executable"; includeInIndex = 0; path = "Group A"; sourceTree = BUILT_PRODUCTS_DIR; };
		EBC3C2581E5B44E700A40799 /* main.cpp */ = {isa = PBXFileReference; lastKnownFileType = sourcecode.cpp.cpp; path = main.cpp; sourceTree = "<group>"; };
		EBC3C25F1E5B48A100A40799 /* EuropeanOption.cpp */ = {isa = PBXFileReference; fileEncoding = 4; lastKnownFileType = sourcecode.cpp.cpp; path = EuropeanOption.cpp; sourceTree = "<group>"; };
		EBC3C2601E5B48A100A40799 /* EuropeanOption.hpp */ = {isa = PBXFileReference; fileEncoding = 4; lastKnownFileType = sourcecode.cpp.h; path = EuropeanOption.hpp; sourceTree = "<group>"; };
		EBC3C2621E5B678C00A40799 /* OptionData.hpp */ = {isa = PBXFileReference; lastKnownFileType = sourcecode.cpp.h; path = OptionData.hpp; sourceTree = "<group>"; };
		EBC3C2631E5B8A7200A40799 /* OptionPricing.cpp */ = {isa = PBXFileReference; fileEncoding = 4; lastKnownFileType = sourcecode.cpp.cpp; path = OptionPricing.cpp; sourceTree = "<group>"; };
		EBC3C2641E5B8A7200A40799 /* OptionPricing.hpp */ = {isa = PBXFileReference; fileEncoding = 4; lastKnownFileType = sourcecode.cpp.h; path = OptionPricing.hpp; sourceTree = "<group>"; };
		EBFB08151E6091B1009F9C5D /* DefineTypes.hpp */ = {isa = PBXFileReference; lastKnownFileType = sourcecode.cpp.h; path = DefineTypes.hpp; sourceTree = "<group>"; };
		EBFB08161E60D465009F9C5D /* ArrayFuncs.hpp */ = {isa = PBXFileReference; lastKnownFileType = sourcecode.cpp.h; path = ArrayFuncs.hpp; sourceTree = "<group>"; };
/* End PBXFileReference section */

/* Begin PBXFrameworksBuildPhase section */
		EBC3C2521E5B44E500A40799 /* Frameworks */ = {
			isa = PBXFrameworksBuildPhase;
			buildActionMask = 2147483647;
			files = (
			);
			runOnlyForDeploymentPostprocessing = 0;
		};
/* End PBXFrameworksBuildPhase section */

/* Begin PBXGroup section */
		EBC3C24C1E5B44E500A40799 = {
			isa = PBXGroup;
			children = (
				EBC3C2571E5B44E700A40799 /* Group A */,
				EBC3C2561E5B44E700A40799 /* Products */,
			);
			sourceTree = "<group>";
		};
		EBC3C2561E5B44E700A40799 /* Products */ = {
			isa = PBXGroup;
			children = (
				EBC3C2551E5B44E700A40799 /* Group A */,
			);
			name = Products;
			sourceTree = "<group>";
		};
		EBC3C2571E5B44E700A40799 /* Group A */ = {
			isa = PBXGroup;
			children = (
				EBC3C2581E5B44E700A40799 /* main.cpp */,
				EBFB08151E6091B1009F9C5D /* DefineTypes.hpp */,
				EBC3C2621E5B678C00A40799 /* OptionData.hpp */,
				EBFB08161E60D465009F9C5D /* ArrayFuncs.hpp */,
				EBC3C2631E5B8A7200A40799 /* OptionPricing.cpp */,
				EBC3C2641E5B8A7200A40799 /* OptionPricing.hpp */,
				EBC3C25F1E5B48A100A40799 /* EuropeanOption.cpp */,
				EBC3C2601E5B48A100A40799 /* EuropeanOption.hpp */,
			);
			path = "Group A";
			sourceTree = "<group>";
		};
/* End PBXGroup section */

/* Begin PBXNativeTarget section */
		EBC3C2541E5B44E500A40799 /* Group A */ = {
			isa = PBXNativeTarget;
			buildConfigurationList = EBC3C25C1E5B44E700A40799 /* Build configuration list for PBXNativeTarget "Group A" */;
			buildPhases = (
				EBC3C2511E5B44E500A40799 /* Sources */,
				EBC3C2521E5B44E500A40799 /* Frameworks */,
				EBC3C2531E5B44E500A40799 /* CopyFiles */,
			);
			buildRules = (
			);
			dependencies = (
			);
			name = "Group A";
			productName = "Group A";
			productReference = EBC3C2551E5B44E700A40799 /* Group A */;
			productType = "com.apple.product-type.tool";
		};
/* End PBXNativeTarget section */

/* Begin PBXProject section */
		EBC3C24D1E5B44E500A40799 /* Project object */ = {
			isa = PBXProject;
			attributes = {
				LastUpgradeCheck = 0810;
				ORGANIZATIONNAME = "Changheng Chen";
				TargetAttributes = {
					EBC3C2541E5B44E500A40799 = {
						CreatedOnToolsVersion = 8.1;
						ProvisioningStyle = Automatic;
					};
				};
			};
			buildConfigurationList = EBC3C2501E5B44E500A40799 /* Build configuration list for PBXProject "Group A" */;
			compatibilityVersion = "Xcode 3.2";
			developmentRegion = English;
			hasScannedForEncodings = 0;
			knownRegions = (
				en,
			);
			mainGroup = EBC3C24C1E5B44E500A40799;
			productRefGroup = EBC3C2561E5B44E700A40799 /* Products */;
			projectDirPath = "";
			projectRoot = "";
			targets = (
				EBC3C2541E5B44E500A40799 /* Group A */,
			);
		};
/* End PBXProject section */

/* Begin PBXSourcesBuildPhase section */
		EBC3C2511E5B44E500A40799 /* Sources */ = {
			isa = PBXSourcesBuildPhase;
			buildActionMask = 2147483647;
			files = (
				EBC3C2591E5B44E700A40799 /* main.cpp in Sources */,
				EBC3C2651E5B8A7200A40799 /* OptionPricing.cpp in Sources */,
				EBC3C2611E5B48A100A40799 /* EuropeanOption.cpp in Sources */,
			);
			runOnlyForDeploymentPostprocessing = 0;
		};
/* End PBXSourcesBuildPhase section */

/* Begin XCBuildConfiguration section */
		EBC3C25A1E5B44E700A40799 /* Debug */ = {
			isa = XCBuildConfiguration;
			buildSettings = {
				ALWAYS_SEARCH_USER_PATHS = NO;
				CLANG_ANALYZER_NONNULL = YES;
				CLANG_CXX_LANGUAGE_STANDARD = "gnu++0x";
				CLANG_CXX_LIBRARY = "libc++";
				CLANG_ENABLE_MODULES = YES;
				CLANG_ENABLE_OBJC_ARC = YES;
				CLANG_WARN_BOOL_CONVERSION = YES;
				CLANG_WARN_CONSTANT_CONVERSION = YES;
				CLANG_WARN_DIRECT_OBJC_ISA_USAGE = YES_ERROR;
				CLANG_WARN_DOCUMENTATION_COMMENTS = YES;
				CLANG_WARN_EMPTY_BODY = YES;
				CLANG_WARN_ENUM_CONVERSION = YES;
				CLANG_WARN_INFINITE_RECURSION = YES;
				CLANG_WARN_INT_CONVERSION = YES;
				CLANG_WARN_OBJC_ROOT_CLASS = YES_ERROR;
				CLANG_WARN_SUSPICIOUS_MOVES = YES;
				CLANG_WARN_UNREACHABLE_CODE = YES;
				CLANG_WARN__DUPLICATE_METHOD_MATCH = YES;
				CODE_SIGN_IDENTITY = "-";
				COPY_PHASE_STRIP = NO;
				DEBUG_INFORMATION_FORMAT = dwarf;
				ENABLE_STRICT_OBJC_MSGSEND = YES;
				ENABLE_TESTABILITY = YES;
				GCC_C_LANGUAGE_STANDARD = gnu99;
				GCC_DYNAMIC_NO_PIC = NO;
				GCC_NO_COMMON_BLOCKS = YES;
				GCC_OPTIMIZATION_LEVEL = 0;
				GCC_PREPROCESSOR_DEFINITIONS = (
					"DEBUG=1",
					"$(inherited)",
				);
				GCC_WARN_64_TO_32_BIT_CONVERSION = YES;
				GCC_WARN_ABOUT_RETURN_TYPE = YES_ERROR;
				GCC_WARN_UNDECLARED_SELECTOR = YES;
				GCC_WARN_UNINITIALIZED_AUTOS = YES_AGGRESSIVE;
				GCC_WARN_UNUSED_FUNCTION = YES;
				GCC_WARN_UNUSED_VARIABLE = YES;
				MACOSX_DEPLOYMENT_TARGET = 10.12;
				MTL_ENABLE_DEBUG_INFO = YES;
				ONLY_ACTIVE_ARCH = YES;
				SDKROOT = macosx;
			};
			name = Debug;
		};
		EBC3C25B1E5B44E700A40799 /* Release */ = {
			isa = XCBuildConfiguration;
			buildSettings = {
				ALWAYS_SEARCH_USER_PATHS = NO;
				CLANG_ANALYZER_NONNULL = YES;
				CLANG_CXX_LANGUAGE_STANDARD = "gnu++0x";
				CLANG_CXX_LIBRARY = "libc++";
				CLANG_ENABLE_MODULES = YES;
				CLANG_ENABLE_OBJC_ARC = YES;
				CLANG_WARN_BOOL_CONVERSION = YES;
				CLANG_WARN_CONSTANT_CONVERSION = YES;
				CLANG_WARN_DIRECT_OBJC_ISA_USAGE = YES_ERROR;
				CLANG_WARN_DOCUMENTATION_COMMENTS = YES;
				CLANG_WARN_EMPTY_BODY = YES;
				CLANG_WARN_ENUM_CONVERSION = YES;
				CLANG_WARN_INFINITE_RECURSION = YES;
				CLANG_WARN_INT_CONVERSION = YES;
				CLANG_WARN_OBJC_ROOT_CLASS = YES_ERROR;
				CLANG_WARN_SUSPICIOUS_MOVES = YES;
				CLANG_WARN_UNREACHABLE_CODE = YES;
				CLANG_WARN__DUPLICATE_METHOD_MATCH = YES;
				CODE_SIGN_IDENTITY = "-";
				COPY_PHASE_STRIP = NO;
				DEBUG_INFORMATION_FORMAT = "dwarf-with-dsym";
				ENABLE_NS_ASSERTIONS = NO;
				ENABLE_STRICT_OBJC_MSGSEND = YES;
				GCC_C_LANGUAGE_STANDARD = gnu99;
				GCC_NO_COMMON_BLOCKS = YES;
				GCC_WARN_64_TO_32_BIT_CONVERSION = YES;
				GCC_WARN_ABOUT_RETURN_TYPE = YES_ERROR;
				GCC_WARN_UNDECLARED_SELECTOR = YES;
				GCC_WARN_UNINITIALIZED_AUTOS = YES_AGGRESSIVE;
				GCC_WARN_UNUSED_FUNCTION = YES;
				GCC_WARN_UNUSED_VARIABLE = YES;
				MACOSX_DEPLOYMENT_TARGET = 10.12;
				MTL_ENABLE_DEBUG_INFO = NO;
				SDKROOT = macosx;
			};
			name = Release;
		};
		EBC3C25D1E5B44E700A40799 /* Debug */ = {
			isa = XCBuildConfiguration;
			buildSettings = {
				"HEADER_SEARCH_PATHS[arch=*]" = /opt/local/include;
				"LIBRARY_SEARCH_PATHS[arch=*]" = /opt/local/lib;
				PRODUCT_NAME = "$(TARGET_NAME)";
			};
			name = Debug;
		};
		EBC3C25E1E5B44E700A40799 /* Release */ = {
			isa = XCBuildConfiguration;
			buildSettings = {
				"HEADER_SEARCH_PATHS[arch=*]" = /opt/local/include;
				"LIBRARY_SEARCH_PATHS[arch=*]" = /opt/local/lib;
				PRODUCT_NAME = "$(TARGET_NAME)";
			};
			name = Release;
		};
/* End XCBuildConfiguration section */

/* Begin XCConfigurationList section */
		EBC3C2501E5B44E500A40799 /* Build configuration list for PBXProject "Group A" */ = {
			isa = XCConfigurationList;
			buildConfigurations = (
				EBC3C25A1E5B44E700A40799 /* Debug */,
				EBC3C25B1E5B44E700A40799 /* Release */,
			);
			defaultConfigurationIsVisible = 0;
			defaultConfigurationName = Release;
		};
		EBC3C25C1E5B44E700A40799 /* Build configuration list for PBXNativeTarget "Group A" */ = {
			isa = XCConfigurationList;
			buildConfigurations = (
				EBC3C25D1E5B44E700A40799 /* Debug */,
				EBC3C25E1E5B44E700A40799 /* Release */,
			);
			defaultConfigurationIsVisible = 0;
			defaultConfigurationName = Release;
		};
/* End XCConfigurationList section */
	};
	rootObject = EBC3C24D1E5B44E500A40799 /* Project object */;
}
