// !$*UTF8*$!
{
	archiveVersion = 1;
	classes = {
	};
	objectVersion = 46;
	objects = {

/* Begin PBXBuildFile section */
		EB3EBEB11E637BAC00E8A902 /* main.cpp in Sources */ = {isa = PBXBuildFile; fileRef = EB3EBEB01E637BAC00E8A902 /* main.cpp */; };
		EB3EBEC51E63A4DD00E8A902 /* OptionPricing.cpp in Sources */ = {isa = PBXBuildFile; fileRef = EB3EBEC31E63A4DD00E8A902 /* OptionPricing.cpp */; };
		EB3EBEC81E63A6AD00E8A902 /* AmericanOption.cpp in Sources */ = {isa = PBXBuildFile; fileRef = EB3EBEC61E63A6AD00E8A902 /* AmericanOption.cpp */; };
/* End PBXBuildFile section */

/* Begin PBXCopyFilesBuildPhase section */
		EB3EBEAB1E637BAA00E8A902 /* CopyFiles */ = {
			isa = PBXCopyFilesBuildPhase;
			buildActionMask = 2147483647;
			dstPath = /usr/share/man/man1/;
			dstSubfolderSpec = 0;
			files = (
			);
			runOnlyForDeploymentPostprocessing = 1;
		};
/* End PBXCopyFilesBuildPhase section */

/* Begin PBXFileReference section */
		EB3EBEAD1E637BAC00E8A902 /* Group B */ = {isa = PBXFileReference; explicitFileType = "compiled.mach-o.executable"; includeInIndex = 0; path = "Group B"; sourceTree = BUILT_PRODUCTS_DIR; };
		EB3EBEB01E637BAC00E8A902 /* main.cpp */ = {isa = PBXFileReference; lastKnownFileType = sourcecode.cpp.cpp; path = main.cpp; sourceTree = "<group>"; };
		EB3EBEBB1E637CFC00E8A902 /* ArrayFuncs.hpp */ = {isa = PBXFileReference; fileEncoding = 4; lastKnownFileType = sourcecode.cpp.h; path = ArrayFuncs.hpp; sourceTree = "<group>"; };
		EB3EBEC11E63A4DD00E8A902 /* DefineTypes.hpp */ = {isa = PBXFileReference; fileEncoding = 4; lastKnownFileType = sourcecode.cpp.h; path = DefineTypes.hpp; sourceTree = "<group>"; };
		EB3EBEC21E63A4DD00E8A902 /* OptionData.hpp */ = {isa = PBXFileReference; fileEncoding = 4; lastKnownFileType = sourcecode.cpp.h; path = OptionData.hpp; sourceTree = "<group>"; };
		EB3EBEC31E63A4DD00E8A902 /* OptionPricing.cpp */ = {isa = PBXFileReference; fileEncoding = 4; lastKnownFileType = sourcecode.cpp.cpp; path = OptionPricing.cpp; sourceTree = "<group>"; };
		EB3EBEC41E63A4DD00E8A902 /* OptionPricing.hpp */ = {isa = PBXFileReference; fileEncoding = 4; lastKnownFileType = sourcecode.cpp.h; path = OptionPricing.hpp; sourceTree = "<group>"; };
		EB3EBEC61E63A6AD00E8A902 /* AmericanOption.cpp */ = {isa = PBXFileReference; fileEncoding = 4; lastKnownFileType = sourcecode.cpp.cpp; path = AmericanOption.cpp; sourceTree = "<group>"; };
		EB3EBEC71E63A6AD00E8A902 /* AmericanOption.hpp */ = {isa = PBXFileReference; fileEncoding = 4; lastKnownFileType = sourcecode.cpp.h; path = AmericanOption.hpp; sourceTree = "<group>"; };
/* End PBXFileReference section */

/* Begin PBXFrameworksBuildPhase section */
		EB3EBEAA1E637BAA00E8A902 /* Frameworks */ = {
			isa = PBXFrameworksBuildPhase;
			buildActionMask = 2147483647;
			files = (
			);
			runOnlyForDeploymentPostprocessing = 0;
		};
/* End PBXFrameworksBuildPhase section */

/* Begin PBXGroup section */
		EB3EBEA41E637BAA00E8A902 = {
			isa = PBXGroup;
			children = (
				EB3EBEAF1E637BAC00E8A902 /* Group B */,
				EB3EBEAE1E637BAC00E8A902 /* Products */,
			);
			sourceTree = "<group>";
		};
		EB3EBEAE1E637BAC00E8A902 /* Products */ = {
			isa = PBXGroup;
			children = (
				EB3EBEAD1E637BAC00E8A902 /* Group B */,
			);
			name = Products;
			sourceTree = "<group>";
		};
		EB3EBEAF1E637BAC00E8A902 /* Group B */ = {
			isa = PBXGroup;
			children = (
				EB3EBEB01E637BAC00E8A902 /* main.cpp */,
				EB3EBEC61E63A6AD00E8A902 /* AmericanOption.cpp */,
				EB3EBEC71E63A6AD00E8A902 /* AmericanOption.hpp */,
				EB3EBEC31E63A4DD00E8A902 /* OptionPricing.cpp */,
				EB3EBEC41E63A4DD00E8A902 /* OptionPricing.hpp */,
				EB3EBEBB1E637CFC00E8A902 /* ArrayFuncs.hpp */,
				EB3EBEC21E63A4DD00E8A902 /* OptionData.hpp */,
				EB3EBEC11E63A4DD00E8A902 /* DefineTypes.hpp */,
			);
			path = "Group B";
			sourceTree = "<group>";
		};
/* End PBXGroup section */

/* Begin PBXNativeTarget section */
		EB3EBEAC1E637BAA00E8A902 /* Group B */ = {
			isa = PBXNativeTarget;
			buildConfigurationList = EB3EBEB41E637BAC00E8A902 /* Build configuration list for PBXNativeTarget "Group B" */;
			buildPhases = (
				EB3EBEA91E637BAA00E8A902 /* Sources */,
				EB3EBEAA1E637BAA00E8A902 /* Frameworks */,
				EB3EBEAB1E637BAA00E8A902 /* CopyFiles */,
			);
			buildRules = (
			);
			dependencies = (
			);
			name = "Group B";
			productName = "Group B";
			productReference = EB3EBEAD1E637BAC00E8A902 /* Group B */;
			productType = "com.apple.product-type.tool";
		};
/* End PBXNativeTarget section */

/* Begin PBXProject section */
		EB3EBEA51E637BAA00E8A902 /* Project object */ = {
			isa = PBXProject;
			attributes = {
				LastUpgradeCheck = 0810;
				ORGANIZATIONNAME = "Changheng Chen";
				TargetAttributes = {
					EB3EBEAC1E637BAA00E8A902 = {
						CreatedOnToolsVersion = 8.1;
						ProvisioningStyle = Automatic;
					};
				};
			};
			buildConfigurationList = EB3EBEA81E637BAA00E8A902 /* Build configuration list for PBXProject "Group B" */;
			compatibilityVersion = "Xcode 3.2";
			developmentRegion = English;
			hasScannedForEncodings = 0;
			knownRegions = (
				en,
			);
			mainGroup = EB3EBEA41E637BAA00E8A902;
			productRefGroup = EB3EBEAE1E637BAC00E8A902 /* Products */;
			projectDirPath = "";
			projectRoot = "";
			targets = (
				EB3EBEAC1E637BAA00E8A902 /* Group B */,
			);
		};
/* End PBXProject section */

/* Begin PBXSourcesBuildPhase section */
		EB3EBEA91E637BAA00E8A902 /* Sources */ = {
			isa = PBXSourcesBuildPhase;
			buildActionMask = 2147483647;
			files = (
				EB3EBEB11E637BAC00E8A902 /* main.cpp in Sources */,
				EB3EBEC81E63A6AD00E8A902 /* AmericanOption.cpp in Sources */,
				EB3EBEC51E63A4DD00E8A902 /* OptionPricing.cpp in Sources */,
			);
			runOnlyForDeploymentPostprocessing = 0;
		};
/* End PBXSourcesBuildPhase section */

/* Begin XCBuildConfiguration section */
		EB3EBEB21E637BAC00E8A902 /* Debug */ = {
			isa = XCBuildConfiguration;
			buildSettings = {
				ALWAYS_SEARCH_USER_PATHS = NO;
				CLANG_ANALYZER_NONNULL = YES;
				CLANG_CXX_LANGUAGE_STANDARD = "gnu++0x";
				CLANG_CXX_LIBRARY = "libc++";
				CLANG_ENABLE_MODULES = YES;
				CLANG_ENABLE_OBJC_ARC = YES;
				CLANG_WARN_BOOL_CONVERSION = YES;
				CLANG_WARN_CONSTANT_CONVERSION = YES;
				CLANG_WARN_DIRECT_OBJC_ISA_USAGE = YES_ERROR;
				CLANG_WARN_DOCUMENTATION_COMMENTS = YES;
				CLANG_WARN_EMPTY_BODY = YES;
				CLANG_WARN_ENUM_CONVERSION = YES;
				CLANG_WARN_INFINITE_RECURSION = YES;
				CLANG_WARN_INT_CONVERSION = YES;
				CLANG_WARN_OBJC_ROOT_CLASS = YES_ERROR;
				CLANG_WARN_SUSPICIOUS_MOVES = YES;
				CLANG_WARN_UNREACHABLE_CODE = YES;
				CLANG_WARN__DUPLICATE_METHOD_MATCH = YES;
				CODE_SIGN_IDENTITY = "-";
				COPY_PHASE_STRIP = NO;
				DEBUG_INFORMATION_FORMAT = dwarf;
				ENABLE_STRICT_OBJC_MSGSEND = YES;
				ENABLE_TESTABILITY = YES;
				GCC_C_LANGUAGE_STANDARD = gnu99;
				GCC_DYNAMIC_NO_PIC = NO;
				GCC_NO_COMMON_BLOCKS = YES;
				GCC_OPTIMIZATION_LEVEL = 0;
				GCC_PREPROCESSOR_DEFINITIONS = (
					"DEBUG=1",
					"$(inherited)",
				);
				GCC_WARN_64_TO_32_BIT_CONVERSION = YES;
				GCC_WARN_ABOUT_RETURN_TYPE = YES_ERROR;
				GCC_WARN_UNDECLARED_SELECTOR = YES;
				GCC_WARN_UNINITIALIZED_AUTOS = YES_AGGRESSIVE;
				GCC_WARN_UNUSED_FUNCTION = YES;
				GCC_WARN_UNUSED_VARIABLE = YES;
				MACOSX_DEPLOYMENT_TARGET = 10.12;
				MTL_ENABLE_DEBUG_INFO = YES;
				ONLY_ACTIVE_ARCH = YES;
				SDKROOT = macosx;
			};
			name = Debug;
		};
		EB3EBEB31E637BAC00E8A902 /* Release */ = {
			isa = XCBuildConfiguration;
			buildSettings = {
				ALWAYS_SEARCH_USER_PATHS = NO;
				CLANG_ANALYZER_NONNULL = YES;
				CLANG_CXX_LANGUAGE_STANDARD = "gnu++0x";
				CLANG_CXX_LIBRARY = "libc++";
				CLANG_ENABLE_MODULES = YES;
				CLANG_ENABLE_OBJC_ARC = YES;
				CLANG_WARN_BOOL_CONVERSION = YES;
				CLANG_WARN_CONSTANT_CONVERSION = YES;
				CLANG_WARN_DIRECT_OBJC_ISA_USAGE = YES_ERROR;
				CLANG_WARN_DOCUMENTATION_COMMENTS = YES;
				CLANG_WARN_EMPTY_BODY = YES;
				CLANG_WARN_ENUM_CONVERSION = YES;
				CLANG_WARN_INFINITE_RECURSION = YES;
				CLANG_WARN_INT_CONVERSION = YES;
				CLANG_WARN_OBJC_ROOT_CLASS = YES_ERROR;
				CLANG_WARN_SUSPICIOUS_MOVES = YES;
				CLANG_WARN_UNREACHABLE_CODE = YES;
				CLANG_WARN__DUPLICATE_METHOD_MATCH = YES;
				CODE_SIGN_IDENTITY = "-";
				COPY_PHASE_STRIP = NO;
				DEBUG_INFORMATION_FORMAT = "dwarf-with-dsym";
				ENABLE_NS_ASSERTIONS = NO;
				ENABLE_STRICT_OBJC_MSGSEND = YES;
				GCC_C_LANGUAGE_STANDARD = gnu99;
				GCC_NO_COMMON_BLOCKS = YES;
				GCC_WARN_64_TO_32_BIT_CONVERSION = YES;
				GCC_WARN_ABOUT_RETURN_TYPE = YES_ERROR;
				GCC_WARN_UNDECLARED_SELECTOR = YES;
				GCC_WARN_UNINITIALIZED_AUTOS = YES_AGGRESSIVE;
				GCC_WARN_UNUSED_FUNCTION = YES;
				GCC_WARN_UNUSED_VARIABLE = YES;
				MACOSX_DEPLOYMENT_TARGET = 10.12;
				MTL_ENABLE_DEBUG_INFO = NO;
				SDKROOT = macosx;
			};
			name = Release;
		};
		EB3EBEB51E637BAC00E8A902 /* Debug */ = {
			isa = XCBuildConfiguration;
			buildSettings = {
				"HEADER_SEARCH_PATHS[arch=*]" = /opt/local/include;
				"LIBRARY_SEARCH_PATHS[arch=*]" = /opt/local/lib;
				PRODUCT_NAME = "$(TARGET_NAME)";
			};
			name = Debug;
		};
		EB3EBEB61E637BAC00E8A902 /* Release */ = {
			isa = XCBuildConfiguration;
			buildSettings = {
				"HEADER_SEARCH_PATHS[arch=*]" = /opt/local/include;
				"LIBRARY_SEARCH_PATHS[arch=*]" = /opt/local/lib;
				PRODUCT_NAME = "$(TARGET_NAME)";
			};
			name = Release;
		};
/* End XCBuildConfiguration section */

/* Begin XCConfigurationList section */
		EB3EBEA81E637BAA00E8A902 /* Build configuration list for PBXProject "Group B" */ = {
			isa = XCConfigurationList;
			buildConfigurations = (
				EB3EBEB21E637BAC00E8A902 /* Debug */,
				EB3EBEB31E637BAC00E8A902 /* Release */,
			);
			defaultConfigurationIsVisible = 0;
			defaultConfigurationName = Release;
		};
		EB3EBEB41E637BAC00E8A902 /* Build configuration list for PBXNativeTarget "Group B" */ = {
			isa = XCConfigurationList;
			buildConfigurations = (
				EB3EBEB51E637BAC00E8A902 /* Debug */,
				EB3EBEB61E637BAC00E8A902 /* Release */,
			);
			defaultConfigurationIsVisible = 0;
		};
/* End XCConfigurationList section */
	};
	rootObject = EB3EBEA51E637BAA00E8A902 /* Project object */;
}
