// !$*UTF8*$!
{
	archiveVersion = 1;
	classes = {
	};
	objectVersion = 46;
	objects = {

/* Begin PBXBuildFile section */
		EBA5E7531E6F753A000D5163 /* StringConversions.cpp in Sources */ = {isa = PBXBuildFile; fileRef = EBA5E7521E6F753A000D5163 /* StringConversions.cpp */; };
		EBA5E7551E6F755A000D5163 /* TestSingleCurve.cpp in Sources */ = {isa = PBXBuildFile; fileRef = EBA5E7541E6F755A000D5163 /* TestSingleCurve.cpp */; };
		EBA5E7571E6F7564000D5163 /* DatasimException.cpp in Sources */ = {isa = PBXBuildFile; fileRef = EBA5E7561E6F7564000D5163 /* DatasimException.cpp */; };
		EBA5E75A1E6F7592000D5163 /* ExcelDriver.cpp in Sources */ = {isa = PBXBuildFile; fileRef = EBA5E7581E6F7592000D5163 /* ExcelDriver.cpp */; };
		EBA5E75B1E6F7592000D5163 /* ExcelMechanisms.cpp in Sources */ = {isa = PBXBuildFile; fileRef = EBA5E7591E6F7592000D5163 /* ExcelMechanisms.cpp */; };
		EBA5E75F1E6F76B2000D5163 /* TestMatrixCurve.cpp in Sources */ = {isa = PBXBuildFile; fileRef = EBA5E75C1E6F76B2000D5163 /* TestMatrixCurve.cpp */; };
		EBA5E7601E6F76B2000D5163 /* TestMultiCurve.cpp in Sources */ = {isa = PBXBuildFile; fileRef = EBA5E75D1E6F76B2000D5163 /* TestMultiCurve.cpp */; };
		EBA5E7611E6F76B2000D5163 /* TestTwoCurve.cpp in Sources */ = {isa = PBXBuildFile; fileRef = EBA5E75E1E6F76B2000D5163 /* TestTwoCurve.cpp */; };
/* End PBXBuildFile section */

/* Begin PBXCopyFilesBuildPhase section */
		EBA5E7461E6F750A000D5163 /* CopyFiles */ = {
			isa = PBXCopyFilesBuildPhase;
			buildActionMask = 2147483647;
			dstPath = /usr/share/man/man1/;
			dstSubfolderSpec = 0;
			files = (
			);
			runOnlyForDeploymentPostprocessing = 1;
		};
/* End PBXCopyFilesBuildPhase section */

/* Begin PBXFileReference section */
		EBA5E7481E6F750A000D5163 /* Group E1 */ = {isa = PBXFileReference; explicitFileType = "compiled.mach-o.executable"; includeInIndex = 0; path = "Group E1"; sourceTree = BUILT_PRODUCTS_DIR; };
		EBA5E7521E6F753A000D5163 /* StringConversions.cpp */ = {isa = PBXFileReference; fileEncoding = 4; lastKnownFileType = sourcecode.cpp.cpp; name = StringConversions.cpp; path = UtilitiesDJD/BitsAndPieces/StringConversions.cpp; sourceTree = "<group>"; };
		EBA5E7541E6F755A000D5163 /* TestSingleCurve.cpp */ = {isa = PBXFileReference; fileEncoding = 4; lastKnownFileType = sourcecode.cpp.cpp; name = TestSingleCurve.cpp; path = UtilitiesDJD/ExcelDriver/TestSingleCurve.cpp; sourceTree = "<group>"; };
		EBA5E7561E6F7564000D5163 /* DatasimException.cpp */ = {isa = PBXFileReference; fileEncoding = 4; lastKnownFileType = sourcecode.cpp.cpp; name = DatasimException.cpp; path = UtilitiesDJD/ExceptionClasses/DatasimException.cpp; sourceTree = "<group>"; };
		EBA5E7581E6F7592000D5163 /* ExcelDriver.cpp */ = {isa = PBXFileReference; fileEncoding = 4; lastKnownFileType = sourcecode.cpp.cpp; name = ExcelDriver.cpp; path = UtilitiesDJD/ExcelDriver/ExcelDriver.cpp; sourceTree = "<group>"; };
		EBA5E7591E6F7592000D5163 /* ExcelMechanisms.cpp */ = {isa = PBXFileReference; fileEncoding = 4; lastKnownFileType = sourcecode.cpp.cpp; name = ExcelMechanisms.cpp; path = UtilitiesDJD/ExcelDriver/ExcelMechanisms.cpp; sourceTree = "<group>"; };
		EBA5E75C1E6F76B2000D5163 /* TestMatrixCurve.cpp */ = {isa = PBXFileReference; fileEncoding = 4; lastKnownFileType = sourcecode.cpp.cpp; name = TestMatrixCurve.cpp; path = UtilitiesDJD/ExcelDriver/TestMatrixCurve.cpp; sourceTree = "<group>"; };
		EBA5E75D1E6F76B2000D5163 /* TestMultiCurve.cpp */ = {isa = PBXFileReference; fileEncoding = 4; lastKnownFileType = sourcecode.cpp.cpp; name = TestMultiCurve.cpp; path = UtilitiesDJD/ExcelDriver/TestMultiCurve.cpp; sourceTree = "<group>"; };
		EBA5E75E1E6F76B2000D5163 /* TestTwoCurve.cpp */ = {isa = PBXFileReference; fileEncoding = 4; lastKnownFileType = sourcecode.cpp.cpp; name = TestTwoCurve.cpp; path = UtilitiesDJD/ExcelDriver/TestTwoCurve.cpp; sourceTree = "<group>"; };
/* End PBXFileReference section */

/* Begin PBXFrameworksBuildPhase section */
		EBA5E7451E6F750A000D5163 /* Frameworks */ = {
			isa = PBXFrameworksBuildPhase;
			buildActionMask = 2147483647;
			files = (
			);
			runOnlyForDeploymentPostprocessing = 0;
		};
/* End PBXFrameworksBuildPhase section */

/* Begin PBXGroup section */
		EBA5E73F1E6F750A000D5163 = {
			isa = PBXGroup;
			children = (
				EBA5E74A1E6F750A000D5163 /* Group E1 */,
				EBA5E7491E6F750A000D5163 /* Products */,
			);
			sourceTree = "<group>";
		};
		EBA5E7491E6F750A000D5163 /* Products */ = {
			isa = PBXGroup;
			children = (
				EBA5E7481E6F750A000D5163 /* Group E1 */,
			);
			name = Products;
			sourceTree = "<group>";
		};
		EBA5E74A1E6F750A000D5163 /* Group E1 */ = {
			isa = PBXGroup;
			children = (
				EBA5E7541E6F755A000D5163 /* TestSingleCurve.cpp */,
				EBA5E75E1E6F76B2000D5163 /* TestTwoCurve.cpp */,
				EBA5E75D1E6F76B2000D5163 /* TestMultiCurve.cpp */,
				EBA5E75C1E6F76B2000D5163 /* TestMatrixCurve.cpp */,
				EBA5E7581E6F7592000D5163 /* ExcelDriver.cpp */,
				EBA5E7591E6F7592000D5163 /* ExcelMechanisms.cpp */,
				EBA5E7521E6F753A000D5163 /* StringConversions.cpp */,
				EBA5E7561E6F7564000D5163 /* DatasimException.cpp */,
			);
			path = "Group E1";
			sourceTree = "<group>";
		};
/* End PBXGroup section */

/* Begin PBXNativeTarget section */
		EBA5E7471E6F750A000D5163 /* Group E1 */ = {
			isa = PBXNativeTarget;
			buildConfigurationList = EBA5E74F1E6F750A000D5163 /* Build configuration list for PBXNativeTarget "Group E1" */;
			buildPhases = (
				EBA5E7441E6F750A000D5163 /* Sources */,
				EBA5E7451E6F750A000D5163 /* Frameworks */,
				EBA5E7461E6F750A000D5163 /* CopyFiles */,
			);
			buildRules = (
			);
			dependencies = (
			);
			name = "Group E1";
			productName = "Group E1";
			productReference = EBA5E7481E6F750A000D5163 /* Group E1 */;
			productType = "com.apple.product-type.tool";
		};
/* End PBXNativeTarget section */

/* Begin PBXProject section */
		EBA5E7401E6F750A000D5163 /* Project object */ = {
			isa = PBXProject;
			attributes = {
				LastUpgradeCheck = 0810;
				ORGANIZATIONNAME = "Changheng Chen";
				TargetAttributes = {
					EBA5E7471E6F750A000D5163 = {
						CreatedOnToolsVersion = 8.1;
						ProvisioningStyle = Automatic;
					};
				};
			};
			buildConfigurationList = EBA5E7431E6F750A000D5163 /* Build configuration list for PBXProject "Group E1" */;
			compatibilityVersion = "Xcode 3.2";
			developmentRegion = English;
			hasScannedForEncodings = 0;
			knownRegions = (
				en,
			);
			mainGroup = EBA5E73F1E6F750A000D5163;
			productRefGroup = EBA5E7491E6F750A000D5163 /* Products */;
			projectDirPath = "";
			projectRoot = "";
			targets = (
				EBA5E7471E6F750A000D5163 /* Group E1 */,
			);
		};
/* End PBXProject section */

/* Begin PBXSourcesBuildPhase section */
		EBA5E7441E6F750A000D5163 /* Sources */ = {
			isa = PBXSourcesBuildPhase;
			buildActionMask = 2147483647;
			files = (
				EBA5E7611E6F76B2000D5163 /* TestTwoCurve.cpp in Sources */,
				EBA5E75F1E6F76B2000D5163 /* TestMatrixCurve.cpp in Sources */,
				EBA5E7601E6F76B2000D5163 /* TestMultiCurve.cpp in Sources */,
				EBA5E7571E6F7564000D5163 /* DatasimException.cpp in Sources */,
				EBA5E75A1E6F7592000D5163 /* ExcelDriver.cpp in Sources */,
				EBA5E75B1E6F7592000D5163 /* ExcelMechanisms.cpp in Sources */,
				EBA5E7531E6F753A000D5163 /* StringConversions.cpp in Sources */,
				EBA5E7551E6F755A000D5163 /* TestSingleCurve.cpp in Sources */,
			);
			runOnlyForDeploymentPostprocessing = 0;
		};
/* End PBXSourcesBuildPhase section */

/* Begin XCBuildConfiguration section */
		EBA5E74D1E6F750A000D5163 /* Debug */ = {
			isa = XCBuildConfiguration;
			buildSettings = {
				ALWAYS_SEARCH_USER_PATHS = NO;
				CLANG_ANALYZER_NONNULL = YES;
				CLANG_CXX_LANGUAGE_STANDARD = "gnu++0x";
				CLANG_CXX_LIBRARY = "libc++";
				CLANG_ENABLE_MODULES = YES;
				CLANG_ENABLE_OBJC_ARC = YES;
				CLANG_WARN_BOOL_CONVERSION = YES;
				CLANG_WARN_CONSTANT_CONVERSION = YES;
				CLANG_WARN_DIRECT_OBJC_ISA_USAGE = YES_ERROR;
				CLANG_WARN_DOCUMENTATION_COMMENTS = YES;
				CLANG_WARN_EMPTY_BODY = YES;
				CLANG_WARN_ENUM_CONVERSION = YES;
				CLANG_WARN_INFINITE_RECURSION = YES;
				CLANG_WARN_INT_CONVERSION = YES;
				CLANG_WARN_OBJC_ROOT_CLASS = YES_ERROR;
				CLANG_WARN_SUSPICIOUS_MOVES = YES;
				CLANG_WARN_UNREACHABLE_CODE = YES;
				CLANG_WARN__DUPLICATE_METHOD_MATCH = YES;
				CODE_SIGN_IDENTITY = "-";
				COPY_PHASE_STRIP = NO;
				DEBUG_INFORMATION_FORMAT = dwarf;
				ENABLE_STRICT_OBJC_MSGSEND = YES;
				ENABLE_TESTABILITY = YES;
				GCC_C_LANGUAGE_STANDARD = gnu99;
				GCC_DYNAMIC_NO_PIC = NO;
				GCC_NO_COMMON_BLOCKS = YES;
				GCC_OPTIMIZATION_LEVEL = 0;
				GCC_PREPROCESSOR_DEFINITIONS = (
					"DEBUG=1",
					"$(inherited)",
				);
				GCC_WARN_64_TO_32_BIT_CONVERSION = YES;
				GCC_WARN_ABOUT_RETURN_TYPE = YES_ERROR;
				GCC_WARN_UNDECLARED_SELECTOR = YES;
				GCC_WARN_UNINITIALIZED_AUTOS = YES_AGGRESSIVE;
				GCC_WARN_UNUSED_FUNCTION = YES;
				GCC_WARN_UNUSED_VARIABLE = YES;
				MACOSX_DEPLOYMENT_TARGET = 10.12;
				MTL_ENABLE_DEBUG_INFO = YES;
				ONLY_ACTIVE_ARCH = YES;
				SDKROOT = macosx;
			};
			name = Debug;
		};
		EBA5E74E1E6F750A000D5163 /* Release */ = {
			isa = XCBuildConfiguration;
			buildSettings = {
				ALWAYS_SEARCH_USER_PATHS = NO;
				CLANG_ANALYZER_NONNULL = YES;
				CLANG_CXX_LANGUAGE_STANDARD = "gnu++0x";
				CLANG_CXX_LIBRARY = "libc++";
				CLANG_ENABLE_MODULES = YES;
				CLANG_ENABLE_OBJC_ARC = YES;
				CLANG_WARN_BOOL_CONVERSION = YES;
				CLANG_WARN_CONSTANT_CONVERSION = YES;
				CLANG_WARN_DIRECT_OBJC_ISA_USAGE = YES_ERROR;
				CLANG_WARN_DOCUMENTATION_COMMENTS = YES;
				CLANG_WARN_EMPTY_BODY = YES;
				CLANG_WARN_ENUM_CONVERSION = YES;
				CLANG_WARN_INFINITE_RECURSION = YES;
				CLANG_WARN_INT_CONVERSION = YES;
				CLANG_WARN_OBJC_ROOT_CLASS = YES_ERROR;
				CLANG_WARN_SUSPICIOUS_MOVES = YES;
				CLANG_WARN_UNREACHABLE_CODE = YES;
				CLANG_WARN__DUPLICATE_METHOD_MATCH = YES;
				CODE_SIGN_IDENTITY = "-";
				COPY_PHASE_STRIP = NO;
				DEBUG_INFORMATION_FORMAT = "dwarf-with-dsym";
				ENABLE_NS_ASSERTIONS = NO;
				ENABLE_STRICT_OBJC_MSGSEND = YES;
				GCC_C_LANGUAGE_STANDARD = gnu99;
				GCC_NO_COMMON_BLOCKS = YES;
				GCC_WARN_64_TO_32_BIT_CONVERSION = YES;
				GCC_WARN_ABOUT_RETURN_TYPE = YES_ERROR;
				GCC_WARN_UNDECLARED_SELECTOR = YES;
				GCC_WARN_UNINITIALIZED_AUTOS = YES_AGGRESSIVE;
				GCC_WARN_UNUSED_FUNCTION = YES;
				GCC_WARN_UNUSED_VARIABLE = YES;
				MACOSX_DEPLOYMENT_TARGET = 10.12;
				MTL_ENABLE_DEBUG_INFO = NO;
				SDKROOT = macosx;
			};
			name = Release;
		};
		EBA5E7501E6F750A000D5163 /* Debug */ = {
			isa = XCBuildConfiguration;
			buildSettings = {
				PRODUCT_NAME = "$(TARGET_NAME)";
			};
			name = Debug;
		};
		EBA5E7511E6F750A000D5163 /* Release */ = {
			isa = XCBuildConfiguration;
			buildSettings = {
				PRODUCT_NAME = "$(TARGET_NAME)";
			};
			name = Release;
		};
/* End XCBuildConfiguration section */

/* Begin XCConfigurationList section */
		EBA5E7431E6F750A000D5163 /* Build configuration list for PBXProject "Group E1" */ = {
			isa = XCConfigurationList;
			buildConfigurations = (
				EBA5E74D1E6F750A000D5163 /* Debug */,
				EBA5E74E1E6F750A000D5163 /* Release */,
			);
			defaultConfigurationIsVisible = 0;
			defaultConfigurationName = Release;
		};
		EBA5E74F1E6F750A000D5163 /* Build configuration list for PBXNativeTarget "Group E1" */ = {
			isa = XCConfigurationList;
			buildConfigurations = (
				EBA5E7501E6F750A000D5163 /* Debug */,
				EBA5E7511E6F750A000D5163 /* Release */,
			);
			defaultConfigurationIsVisible = 0;
		};
/* End XCConfigurationList section */
	};
	rootObject = EBA5E7401E6F750A000D5163 /* Project object */;
}
