// !$*UTF8*$!
{
	archiveVersion = 1;
	classes = {
	};
	objectVersion = 46;
	objects = {

/* Begin PBXBuildFile section */
		EB14EDCC1E202767001DB648 /* TestOstreamOperator.cpp in Sources */ = {isa = PBXBuildFile; fileRef = EB14EDCB1E202767001DB648 /* TestOstreamOperator.cpp */; };
		EB14EDD41E20280F001DB648 /* Point.cpp in Sources */ = {isa = PBXBuildFile; fileRef = EB14EDD21E20280F001DB648 /* Point.cpp */; };
		EB14EDD71E202819001DB648 /* Line.cpp in Sources */ = {isa = PBXBuildFile; fileRef = EB14EDD51E202819001DB648 /* Line.cpp */; };
		EB14EDDA1E20282E001DB648 /* Circle.cpp in Sources */ = {isa = PBXBuildFile; fileRef = EB14EDD81E20282E001DB648 /* Circle.cpp */; };
/* End PBXBuildFile section */

/* Begin PBXCopyFilesBuildPhase section */
		EB14EDC61E202767001DB648 /* CopyFiles */ = {
			isa = PBXCopyFilesBuildPhase;
			buildActionMask = 2147483647;
			dstPath = /usr/share/man/man1/;
			dstSubfolderSpec = 0;
			files = (
			);
			runOnlyForDeploymentPostprocessing = 1;
		};
/* End PBXCopyFilesBuildPhase section */

/* Begin PBXFileReference section */
		EB14EDC81E202767001DB648 /* Exercise 2 */ = {isa = PBXFileReference; explicitFileType = "compiled.mach-o.executable"; includeInIndex = 0; path = "Exercise 2"; sourceTree = BUILT_PRODUCTS_DIR; };
		EB14EDCB1E202767001DB648 /* TestOstreamOperator.cpp */ = {isa = PBXFileReference; lastKnownFileType = sourcecode.cpp.cpp; path = TestOstreamOperator.cpp; sourceTree = "<group>"; };
		EB14EDD21E20280F001DB648 /* Point.cpp */ = {isa = PBXFileReference; fileEncoding = 4; lastKnownFileType = sourcecode.cpp.cpp; path = Point.cpp; sourceTree = "<group>"; };
		EB14EDD31E20280F001DB648 /* Point.hpp */ = {isa = PBXFileReference; fileEncoding = 4; lastKnownFileType = sourcecode.cpp.h; path = Point.hpp; sourceTree = "<group>"; };
		EB14EDD51E202819001DB648 /* Line.cpp */ = {isa = PBXFileReference; fileEncoding = 4; lastKnownFileType = sourcecode.cpp.cpp; path = Line.cpp; sourceTree = "<group>"; };
		EB14EDD61E202819001DB648 /* Line.hpp */ = {isa = PBXFileReference; fileEncoding = 4; lastKnownFileType = sourcecode.cpp.h; path = Line.hpp; sourceTree = "<group>"; };
		EB14EDD81E20282E001DB648 /* Circle.cpp */ = {isa = PBXFileReference; fileEncoding = 4; lastKnownFileType = sourcecode.cpp.cpp; path = Circle.cpp; sourceTree = "<group>"; };
		EB14EDD91E20282E001DB648 /* Circle.hpp */ = {isa = PBXFileReference; fileEncoding = 4; lastKnownFileType = sourcecode.cpp.h; path = Circle.hpp; sourceTree = "<group>"; };
/* End PBXFileReference section */

/* Begin PBXFrameworksBuildPhase section */
		EB14EDC51E202767001DB648 /* Frameworks */ = {
			isa = PBXFrameworksBuildPhase;
			buildActionMask = 2147483647;
			files = (
			);
			runOnlyForDeploymentPostprocessing = 0;
		};
/* End PBXFrameworksBuildPhase section */

/* Begin PBXGroup section */
		EB14EDBF1E202766001DB648 = {
			isa = PBXGroup;
			children = (
				EB14EDCA1E202767001DB648 /* Exercise 2 */,
				EB14EDC91E202767001DB648 /* Products */,
			);
			sourceTree = "<group>";
		};
		EB14EDC91E202767001DB648 /* Products */ = {
			isa = PBXGroup;
			children = (
				EB14EDC81E202767001DB648 /* Exercise 2 */,
			);
			name = Products;
			sourceTree = "<group>";
		};
		EB14EDCA1E202767001DB648 /* Exercise 2 */ = {
			isa = PBXGroup;
			children = (
				EB14EDCB1E202767001DB648 /* TestOstreamOperator.cpp */,
				EB14EDD21E20280F001DB648 /* Point.cpp */,
				EB14EDD31E20280F001DB648 /* Point.hpp */,
				EB14EDD51E202819001DB648 /* Line.cpp */,
				EB14EDD61E202819001DB648 /* Line.hpp */,
				EB14EDD81E20282E001DB648 /* Circle.cpp */,
				EB14EDD91E20282E001DB648 /* Circle.hpp */,
			);
			path = "Exercise 2";
			sourceTree = "<group>";
		};
/* End PBXGroup section */

/* Begin PBXNativeTarget section */
		EB14EDC71E202767001DB648 /* Exercise 2 */ = {
			isa = PBXNativeTarget;
			buildConfigurationList = EB14EDCF1E202767001DB648 /* Build configuration list for PBXNativeTarget "Exercise 2" */;
			buildPhases = (
				EB14EDC41E202767001DB648 /* Sources */,
				EB14EDC51E202767001DB648 /* Frameworks */,
				EB14EDC61E202767001DB648 /* CopyFiles */,
			);
			buildRules = (
			);
			dependencies = (
			);
			name = "Exercise 2";
			productName = "Exercise 2";
			productReference = EB14EDC81E202767001DB648 /* Exercise 2 */;
			productType = "com.apple.product-type.tool";
		};
/* End PBXNativeTarget section */

/* Begin PBXProject section */
		EB14EDC01E202766001DB648 /* Project object */ = {
			isa = PBXProject;
			attributes = {
				LastUpgradeCheck = 0810;
				ORGANIZATIONNAME = "Changheng Chen";
				TargetAttributes = {
					EB14EDC71E202767001DB648 = {
						CreatedOnToolsVersion = 8.1;
						ProvisioningStyle = Automatic;
					};
				};
			};
			buildConfigurationList = EB14EDC31E202766001DB648 /* Build configuration list for PBXProject "Exercise 2" */;
			compatibilityVersion = "Xcode 3.2";
			developmentRegion = English;
			hasScannedForEncodings = 0;
			knownRegions = (
				en,
			);
			mainGroup = EB14EDBF1E202766001DB648;
			productRefGroup = EB14EDC91E202767001DB648 /* Products */;
			projectDirPath = "";
			projectRoot = "";
			targets = (
				EB14EDC71E202767001DB648 /* Exercise 2 */,
			);
		};
/* End PBXProject section */

/* Begin PBXSourcesBuildPhase section */
		EB14EDC41E202767001DB648 /* Sources */ = {
			isa = PBXSourcesBuildPhase;
			buildActionMask = 2147483647;
			files = (
				EB14EDD71E202819001DB648 /* Line.cpp in Sources */,
				EB14EDDA1E20282E001DB648 /* Circle.cpp in Sources */,
				EB14EDD41E20280F001DB648 /* Point.cpp in Sources */,
				EB14EDCC1E202767001DB648 /* TestOstreamOperator.cpp in Sources */,
			);
			runOnlyForDeploymentPostprocessing = 0;
		};
/* End PBXSourcesBuildPhase section */

/* Begin XCBuildConfiguration section */
		EB14EDCD1E202767001DB648 /* Debug */ = {
			isa = XCBuildConfiguration;
			buildSettings = {
				ALWAYS_SEARCH_USER_PATHS = NO;
				CLANG_ANALYZER_NONNULL = YES;
				CLANG_CXX_LANGUAGE_STANDARD = "gnu++0x";
				CLANG_CXX_LIBRARY = "libc++";
				CLANG_ENABLE_MODULES = YES;
				CLANG_ENABLE_OBJC_ARC = YES;
				CLANG_WARN_BOOL_CONVERSION = YES;
				CLANG_WARN_CONSTANT_CONVERSION = YES;
				CLANG_WARN_DIRECT_OBJC_ISA_USAGE = YES_ERROR;
				CLANG_WARN_DOCUMENTATION_COMMENTS = YES;
				CLANG_WARN_EMPTY_BODY = YES;
				CLANG_WARN_ENUM_CONVERSION = YES;
				CLANG_WARN_INFINITE_RECURSION = YES;
				CLANG_WARN_INT_CONVERSION = YES;
				CLANG_WARN_OBJC_ROOT_CLASS = YES_ERROR;
				CLANG_WARN_SUSPICIOUS_MOVES = YES;
				CLANG_WARN_UNREACHABLE_CODE = YES;
				CLANG_WARN__DUPLICATE_METHOD_MATCH = YES;
				CODE_SIGN_IDENTITY = "-";
				COPY_PHASE_STRIP = NO;
				DEBUG_INFORMATION_FORMAT = dwarf;
				ENABLE_STRICT_OBJC_MSGSEND = YES;
				ENABLE_TESTABILITY = YES;
				GCC_C_LANGUAGE_STANDARD = gnu99;
				GCC_DYNAMIC_NO_PIC = NO;
				GCC_NO_COMMON_BLOCKS = YES;
				GCC_OPTIMIZATION_LEVEL = 0;
				GCC_PREPROCESSOR_DEFINITIONS = (
					"DEBUG=1",
					"$(inherited)",
				);
				GCC_WARN_64_TO_32_BIT_CONVERSION = YES;
				GCC_WARN_ABOUT_RETURN_TYPE = YES_ERROR;
				GCC_WARN_UNDECLARED_SELECTOR = YES;
				GCC_WARN_UNINITIALIZED_AUTOS = YES_AGGRESSIVE;
				GCC_WARN_UNUSED_FUNCTION = YES;
				GCC_WARN_UNUSED_VARIABLE = YES;
				MACOSX_DEPLOYMENT_TARGET = 10.12;
				MTL_ENABLE_DEBUG_INFO = YES;
				ONLY_ACTIVE_ARCH = YES;
				SDKROOT = macosx;
			};
			name = Debug;
		};
		EB14EDCE1E202767001DB648 /* Release */ = {
			isa = XCBuildConfiguration;
			buildSettings = {
				ALWAYS_SEARCH_USER_PATHS = NO;
				CLANG_ANALYZER_NONNULL = YES;
				CLANG_CXX_LANGUAGE_STANDARD = "gnu++0x";
				CLANG_CXX_LIBRARY = "libc++";
				CLANG_ENABLE_MODULES = YES;
				CLANG_ENABLE_OBJC_ARC = YES;
				CLANG_WARN_BOOL_CONVERSION = YES;
				CLANG_WARN_CONSTANT_CONVERSION = YES;
				CLANG_WARN_DIRECT_OBJC_ISA_USAGE = YES_ERROR;
				CLANG_WARN_DOCUMENTATION_COMMENTS = YES;
				CLANG_WARN_EMPTY_BODY = YES;
				CLANG_WARN_ENUM_CONVERSION = YES;
				CLANG_WARN_INFINITE_RECURSION = YES;
				CLANG_WARN_INT_CONVERSION = YES;
				CLANG_WARN_OBJC_ROOT_CLASS = YES_ERROR;
				CLANG_WARN_SUSPICIOUS_MOVES = YES;
				CLANG_WARN_UNREACHABLE_CODE = YES;
				CLANG_WARN__DUPLICATE_METHOD_MATCH = YES;
				CODE_SIGN_IDENTITY = "-";
				COPY_PHASE_STRIP = NO;
				DEBUG_INFORMATION_FORMAT = "dwarf-with-dsym";
				ENABLE_NS_ASSERTIONS = NO;
				ENABLE_STRICT_OBJC_MSGSEND = YES;
				GCC_C_LANGUAGE_STANDARD = gnu99;
				GCC_NO_COMMON_BLOCKS = YES;
				GCC_WARN_64_TO_32_BIT_CONVERSION = YES;
				GCC_WARN_ABOUT_RETURN_TYPE = YES_ERROR;
				GCC_WARN_UNDECLARED_SELECTOR = YES;
				GCC_WARN_UNINITIALIZED_AUTOS = YES_AGGRESSIVE;
				GCC_WARN_UNUSED_FUNCTION = YES;
				GCC_WARN_UNUSED_VARIABLE = YES;
				MACOSX_DEPLOYMENT_TARGET = 10.12;
				MTL_ENABLE_DEBUG_INFO = NO;
				SDKROOT = macosx;
			};
			name = Release;
		};
		EB14EDD01E202767001DB648 /* Debug */ = {
			isa = XCBuildConfiguration;
			buildSettings = {
				PRODUCT_NAME = "$(TARGET_NAME)";
			};
			name = Debug;
		};
		EB14EDD11E202767001DB648 /* Release */ = {
			isa = XCBuildConfiguration;
			buildSettings = {
				PRODUCT_NAME = "$(TARGET_NAME)";
			};
			name = Release;
		};
/* End XCBuildConfiguration section */

/* Begin XCConfigurationList section */
		EB14EDC31E202766001DB648 /* Build configuration list for PBXProject "Exercise 2" */ = {
			isa = XCConfigurationList;
			buildConfigurations = (
				EB14EDCD1E202767001DB648 /* Debug */,
				EB14EDCE1E202767001DB648 /* Release */,
			);
			defaultConfigurationIsVisible = 0;
			defaultConfigurationName = Release;
		};
		EB14EDCF1E202767001DB648 /* Build configuration list for PBXNativeTarget "Exercise 2" */ = {
			isa = XCConfigurationList;
			buildConfigurations = (
				EB14EDD01E202767001DB648 /* Debug */,
				EB14EDD11E202767001DB648 /* Release */,
			);
			defaultConfigurationIsVisible = 0;
		};
/* End XCConfigurationList section */
	};
	rootObject = EB14EDC01E202766001DB648 /* Project object */;
}
